<?xml version="1.0" encoding="utf-8"?>
<Project ToolsVersion="4.0" xmlns="http://schemas.microsoft.com/developer/msbuild/2003">
  <ItemGroup>
    <Filter Include="Source Files">
      <UniqueIdentifier>{b403f8c1-38ab-4fbd-a71b-654c59d4040c}</UniqueIdentifier>
    </Filter>
    <Filter Include="Link Libraries">
      <UniqueIdentifier>{35d604af-f4a8-4478-aa87-0e4ef80a4ac5}</UniqueIdentifier>
    </Filter>
    <Filter Include="Header Files">
      <UniqueIdentifier>{524b06fa-16ac-468d-bbe8-b600f57d8c7e}</UniqueIdentifier>
    </Filter>
  </ItemGroup>
  <ItemGroup>
    <ClCompile Include="stdafx.cpp">
      <Filter>Source Files</Filter>
    </ClCompile>
    <ClCompile Include="vrad_launcher.cpp">
      <Filter>Source Files</Filter>
    </ClCompile>
  </ItemGroup>
  <ItemGroup>
    <Library Include="..\..\lib\public\tier0.lib">
      <Filter>Link Libraries</Filter>
    </Library>
    <Library Include="..\..\lib\public\tier1.lib">
      <Filter>Link Libraries</Filter>
    </Library>
    <Library Include="..\..\lib\public\vstdlib.lib">
      <Filter>Link Libraries</Filter>
    </Library>
  </ItemGroup>
  <ItemGroup>
    <ClInclude Include="..\..\public\tier1\interface.h">
      <Filter>Header Files</Filter>
    </ClInclude>
    <ClInclude Include="..\..\public\ivraddll.h">
      <Filter>Header Files</Filter>
    </ClInclude>
    <ClInclude Include="stdafx.h">
      <Filter>Header Files</Filter>
    </ClInclude>
  </ItemGroup>
</Project>