<?xml version="1.0" encoding="utf-8"?>
<Project ToolsVersion="4.0" xmlns="http://schemas.microsoft.com/developer/msbuild/2003">
  <ItemGroup>
    <Filter Include="Source Files">
      <UniqueIdentifier>{c3e09284-4e1e-4250-a60a-bbfbbc92e3eb}</UniqueIdentifier>
    </Filter>
    <Filter Include="Public Header Files">
      <UniqueIdentifier>{05097dc0-4b3e-40e6-82e1-fe7613eb5756}</UniqueIdentifier>
    </Filter>
    <Filter Include="Header Files">
      <UniqueIdentifier>{97ede58b-35db-48b6-8c9d-6ea0667a6416}</UniqueIdentifier>
    </Filter>
  </ItemGroup>
  <ItemGroup>
    <ClCompile Include="3dnow.cpp">
      <Filter>Source Files</Filter>
    </ClCompile>
    <ClCompile Include="anorms.cpp">
      <Filter>Source Files</Filter>
    </ClCompile>
    <ClCompile Include="bumpvects.cpp">
      <Filter>Source Files</Filter>
    </ClCompile>
    <ClCompile Include="color_conversion.cpp">
      <Filter>Source Files</Filter>
    </ClCompile>
    <ClCompile Include="halton.cpp">
      <Filter>Source Files</Filter>
    </ClCompile>
    <ClCompile Include="IceKey.cpp">
      <Filter>Source Files</Filter>
    </ClCompile>
    <ClCompile Include="imagequant.cpp">
      <Filter>Source Files</Filter>
    </ClCompile>
    <ClCompile Include="lightdesc.cpp">
      <Filter>Source Files</Filter>
    </ClCompile>
    <ClCompile Include="mathlib_base.cpp">
      <Filter>Source Files</Filter>
    </ClCompile>
    <ClCompile Include="polyhedron.cpp">
      <Filter>Source Files</Filter>
    </ClCompile>
    <ClCompile Include="powsse.cpp">
      <Filter>Source Files</Filter>
    </ClCompile>
    <ClCompile Include="quantize.cpp">
      <Filter>Source Files</Filter>
    </ClCompile>
    <ClCompile Include="randsse.cpp">
      <Filter>Source Files</Filter>
    </ClCompile>
    <ClCompile Include="simdvectormatrix.cpp">
      <Filter>Source Files</Filter>
    </ClCompile>
    <ClCompile Include="sparse_convolution_noise.cpp">
      <Filter>Source Files</Filter>
    </ClCompile>
    <ClCompile Include="sse.cpp">
      <Filter>Source Files</Filter>
    </ClCompile>
    <ClCompile Include="sseconst.cpp">
      <Filter>Source Files</Filter>
    </ClCompile>
    <ClCompile Include="ssenoise.cpp">
      <Filter>Source Files</Filter>
    </ClCompile>
    <ClCompile Include="vector.cpp">
      <Filter>Source Files</Filter>
    </ClCompile>
    <ClCompile Include="vmatrix.cpp">
      <Filter>Source Files</Filter>
    </ClCompile>
  </ItemGroup>
  <ItemGroup>
    <ClInclude Include="..\public\mathlib\amd3dx.h">
      <Filter>Public Header Files</Filter>
    </ClInclude>
    <ClInclude Include="..\public\mathlib\anorms.h">
      <Filter>Public Header Files</Filter>
    </ClInclude>
    <ClInclude Include="..\public\mathlib\bumpvects.h">
      <Filter>Public Header Files</Filter>
    </ClInclude>
    <ClInclude Include="..\public\mathlib\compressed_3d_unitvec.h">
      <Filter>Public Header Files</Filter>
    </ClInclude>
    <ClInclude Include="..\public\mathlib\compressed_light_cube.h">
      <Filter>Public Header Files</Filter>
    </ClInclude>
    <ClInclude Include="..\public\mathlib\compressed_vector.h">
      <Filter>Public Header Files</Filter>
    </ClInclude>
    <ClInclude Include="..\public\mathlib\halton.h">
      <Filter>Public Header Files</Filter>
    </ClInclude>
    <ClInclude Include="..\public\mathlib\IceKey.H">
      <Filter>Public Header Files</Filter>
    </ClInclude>
    <ClInclude Include="..\public\mathlib\lightdesc.h">
      <Filter>Public Header Files</Filter>
    </ClInclude>
    <ClInclude Include="..\public\mathlib\math_pfns.h">
      <Filter>Public Header Files</Filter>
    </ClInclude>
    <ClInclude Include="..\public\mathlib\mathlib.h">
      <Filter>Public Header Files</Filter>
    </ClInclude>
    <ClInclude Include="..\public\mathlib\noise.h">
      <Filter>Public Header Files</Filter>
    </ClInclude>
    <ClInclude Include="..\public\mathlib\polyhedron.h">
      <Filter>Public Header Files</Filter>
    </ClInclude>
    <ClInclude Include="..\public\mathlib\quantize.h">
      <Filter>Public Header Files</Filter>
    </ClInclude>
    <ClInclude Include="..\public\mathlib\simdvectormatrix.h">
      <Filter>Public Header Files</Filter>
    </ClInclude>
    <ClInclude Include="..\public\mathlib\ssemath.h">
      <Filter>Public Header Files</Filter>
    </ClInclude>
    <ClInclude Include="..\public\mathlib\ssequaternion.h">
      <Filter>Public Header Files</Filter>
    </ClInclude>
    <ClInclude Include="..\public\mathlib\vector.h">
      <Filter>Public Header Files</Filter>
    </ClInclude>
    <ClInclude Include="..\public\mathlib\vector2d.h">
      <Filter>Public Header Files</Filter>
    </ClInclude>
    <ClInclude Include="..\public\mathlib\vector4d.h">
      <Filter>Public Header Files</Filter>
    </ClInclude>
    <ClInclude Include="..\public\mathlib\vmatrix.h">
      <Filter>Public Header Files</Filter>
    </ClInclude>
    <ClInclude Include="..\public\mathlib\vplane.h">
      <Filter>Public Header Files</Filter>
    </ClInclude>
    <ClInclude Include="3dnow.h">
      <Filter>Header Files</Filter>
    </ClInclude>
    <ClInclude Include="noisedata.h">
      <Filter>Header Files</Filter>
    </ClInclude>
    <ClInclude Include="sse.h">
      <Filter>Header Files</Filter>
    </ClInclude>
  </ItemGroup>
</Project>